Microsoft Visual Studio Solution File, Format Version 12.00
# Visual Studio Version 16
VisualStudioVersion = 16.0.0.0
MinimumVisualStudioVersion = 16.0.0.0
Project("{9A19103F-16F7-4668-BE54-9A1E7A4F7556}") = "OCTOBER.Server", "Server\OCTOBER.Server.csproj", "{55C8A51D-ED83-433E-9F44-EF49CE4435EE}"
EndProject
Project("{9A19103F-16F7-4668-BE54-9A1E7A4F7556}") = "OCTOBER.Client", "Client\OCTOBER.Client.csproj", "{D02AB681-27D9-470F-8E27-FFEFA5F68AC2}"
EndProject
Project("{9A19103F-16F7-4668-BE54-9A1E7A4F7556}") = "OCTOBER.Shared", "Shared\OCTOBER.Shared.csproj", "{C58B40D2-07F3-46BC-8A1F-9D26E0D894D2}"
EndProject
Project("{FAE04EC0-301F-11D3-BF4B-00C04F79EFBC}") = "OCTOBER.EF", "OCTOBER.EF\OCTOBER.EF.csproj", "{024BB9C5-13AA-432E-A42D-9FF177A752D1}"
EndProject
Global
	GlobalSection(SolutionConfigurationPlatforms) = preSolution
		Debug|Any CPU = Debug|Any CPU
		Debug|x64 = Debug|x64
		Debug|x86 = Debug|x86
		Release|Any CPU = Release|Any CPU
		Release|x64 = Release|x64
		Release|x86 = Release|x86
	EndGlobalSection
	GlobalSection(ProjectConfigurationPlatforms) = postSolution
		{D02AB681-27D9-470F-8E27-FFEFA5F68AC2}.Debug|Any CPU.ActiveCfg = Debug|Any CPU
		{D02AB681-27D9-470F-8E27-FFEFA5F68AC2}.Debug|Any CPU.Build.0 = Debug|Any CPU
		{D02AB681-27D9-470F-8E27-FFEFA5F68AC2}.Debug|x64.ActiveCfg = Debug|Any CPU
		{D02AB681-27D9-470F-8E27-FFEFA5F68AC2}.Debug|x64.Build.0 = Debug|Any CPU
		{D02AB681-27D9-470F-8E27-FFEFA5F68AC2}.Debug|x86.ActiveCfg = Debug|Any CPU
		{D02AB681-27D9-470F-8E27-FFEFA5F68AC2}.Debug|x86.Build.0 = Debug|Any CPU
		{D02AB681-27D9-470F-8E27-FFEFA5F68AC2}.Release|Any CPU.ActiveCfg = Release|Any CPU
		{D02AB681-27D9-470F-8E27-FFEFA5F68AC2}.Release|Any CPU.Build.0 = Release|Any CPU
		{D02AB681-27D9-470F-8E27-FFEFA5F68AC2}.Release|x64.ActiveCfg = Release|Any CPU
		{D02AB681-27D9-470F-8E27-FFEFA5F68AC2}.Release|x64.Build.0 = Release|Any CPU
		{D02AB681-27D9-470F-8E27-FFEFA5F68AC2}.Release|x86.ActiveCfg = Release|Any CPU
		{D02AB681-27D9-470F-8E27-FFEFA5F68AC2}.Release|x86.Build.0 = Release|Any CPU
		{55C8A51D-ED83-433E-9F44-EF49CE4435EE}.Debug|Any CPU.ActiveCfg = Debug|Any CPU
		{55C8A51D-ED83-433E-9F44-EF49CE4435EE}.Debug|Any CPU.Build.0 = Debug|Any CPU
		{55C8A51D-ED83-433E-9F44-EF49CE4435EE}.Debug|x64.ActiveCfg = Debug|Any CPU
		{55C8A51D-ED83-433E-9F44-EF49CE4435EE}.Debug|x64.Build.0 = Debug|Any CPU
		{55C8A51D-ED83-433E-9F44-EF49CE4435EE}.Debug|x86.ActiveCfg = Debug|Any CPU
		{55C8A51D-ED83-433E-9F44-EF49CE4435EE}.Debug|x86.Build.0 = Debug|Any CPU
		{55C8A51D-ED83-433E-9F44-EF49CE4435EE}.Release|Any CPU.ActiveCfg = Release|Any CPU
		{55C8A51D-ED83-433E-9F44-EF49CE4435EE}.Release|Any CPU.Build.0 = Release|Any CPU
		{55C8A51D-ED83-433E-9F44-EF49CE4435EE}.Release|x64.ActiveCfg = Release|Any CPU
		{55C8A51D-ED83-433E-9F44-EF49CE4435EE}.Release|x64.Build.0 = Release|Any CPU
		{55C8A51D-ED83-433E-9F44-EF49CE4435EE}.Release|x86.ActiveCfg = Release|Any CPU
		{55C8A51D-ED83-433E-9F44-EF49CE4435EE}.Release|x86.Build.0 = Release|Any CPU
		{C58B40D2-07F3-46BC-8A1F-9D26E0D894D2}.Debug|Any CPU.ActiveCfg = Debug|Any CPU
		{C58B40D2-07F3-46BC-8A1F-9D26E0D894D2}.Debug|Any CPU.Build.0 = Debug|Any CPU
		{C58B40D2-07F3-46BC-8A1F-9D26E0D894D2}.Debug|x64.ActiveCfg = Debug|Any CPU
		{C58B40D2-07F3-46BC-8A1F-9D26E0D894D2}.Debug|x64.Build.0 = Debug|Any CPU
		{C58B40D2-07F3-46BC-8A1F-9D26E0D894D2}.Debug|x86.ActiveCfg = Debug|Any CPU
		{C58B40D2-07F3-46BC-8A1F-9D26E0D894D2}.Debug|x86.Build.0 = Debug|Any CPU
		{C58B40D2-07F3-46BC-8A1F-9D26E0D894D2}.Release|Any CPU.ActiveCfg = Release|Any CPU
		{C58B40D2-07F3-46BC-8A1F-9D26E0D894D2}.Release|Any CPU.Build.0 = Release|Any CPU
		{C58B40D2-07F3-46BC-8A1F-9D26E0D894D2}.Release|x64.ActiveCfg = Release|Any CPU
		{C58B40D2-07F3-46BC-8A1F-9D26E0D894D2}.Release|x64.Build.0 = Release|Any CPU
		{C58B40D2-07F3-46BC-8A1F-9D26E0D894D2}.Release|x86.ActiveCfg = Release|Any CPU
		{C58B40D2-07F3-46BC-8A1F-9D26E0D894D2}.Release|x86.Build.0 = Release|Any CPU
		{024BB9C5-13AA-432E-A42D-9FF177A752D1}.Debug|Any CPU.ActiveCfg = Debug|Any CPU
		{024BB9C5-13AA-432E-A42D-9FF177A752D1}.Debug|Any CPU.Build.0 = Debug|Any CPU
		{024BB9C5-13AA-432E-A42D-9FF177A752D1}.Debug|x64.ActiveCfg = Debug|Any CPU
		{024BB9C5-13AA-432E-A42D-9FF177A752D1}.Debug|x64.Build.0 = Debug|Any CPU
		{024BB9C5-13AA-432E-A42D-9FF177A752D1}.Debug|x86.ActiveCfg = Debug|Any CPU
		{024BB9C5-13AA-432E-A42D-9FF177A752D1}.Debug|x86.Build.0 = Debug|Any CPU
		{024BB9C5-13AA-432E-A42D-9FF177A752D1}.Release|Any CPU.ActiveCfg = Release|Any CPU
		{024BB9C5-13AA-432E-A42D-9FF177A752D1}.Release|Any CPU.Build.0 = Release|Any CPU
		{024BB9C5-13AA-432E-A42D-9FF177A752D1}.Release|x64.ActiveCfg = Release|Any CPU
		{024BB9C5-13AA-432E-A42D-9FF177A752D1}.Release|x64.Build.0 = Release|Any CPU
		{024BB9C5-13AA-432E-A42D-9FF177A752D1}.Release|x86.ActiveCfg = Release|Any CPU
		{024BB9C5-13AA-432E-A42D-9FF177A752D1}.Release|x86.Build.0 = Release|Any CPU
	EndGlobalSection
	GlobalSection(SolutionProperties) = preSolution
		HideSolutionNode = FALSE
	EndGlobalSection
	GlobalSection(ExtensibilityGlobals) = postSolution
		SolutionGuid = {1A4F165F-A539-4AAB-975E-57E68BFC4DFA}
	EndGlobalSection
EndGlobal
